
Microsoft Visual Studio Solution File, Format Version 12.00
# Visual Studio Version 16
VisualStudioVersion = 16.0.29503.13
MinimumVisualStudioVersion = 10.0.40219.1
Project("{FAE04EC0-301F-11D3-BF4B-00C04F79EFBC}") = "addressbook-web-tests", "addressbook-web-tests\addressbook-web-tests.csproj", "{B1233247-AFE3-4436-A4DA-961EF9489310}"
EndProject
Global
	GlobalSection(SolutionConfigurationPlatforms) = preSolution
		Debug|Any CPU = Debug|Any CPU
		Release|Any CPU = Release|Any CPU
	EndGlobalSection
	GlobalSection(ProjectConfigurationPlatforms) = postSolution
		{B1233247-AFE3-4436-A4DA-961EF9489310}.Debug|Any CPU.ActiveCfg = Debug|Any CPU
		{B1233247-AFE3-4436-A4DA-961EF9489310}.Debug|Any CPU.Build.0 = Debug|Any CPU
		{B1233247-AFE3-4436-A4DA-961EF9489310}.Release|Any CPU.ActiveCfg = Release|Any CPU
		{B1233247-AFE3-4436-A4DA-961EF9489310}.Release|Any CPU.Build.0 = Release|Any CPU
	EndGlobalSection
	GlobalSection(SolutionProperties) = preSolution
		HideSolutionNode = FALSE
	EndGlobalSection
	GlobalSection(ExtensibilityGlobals) = postSolution
		SolutionGuid = {FE21DEC9-AA5C-4D71-A6CE-C996FBF59E8A}
	EndGlobalSection
EndGlobal
